
Microsoft Visual Studio Solution File, Format Version 12.00
# Visual Studio 15
VisualStudioVersion = 15.0.28307.136
MinimumVisualStudioVersion = 10.0.40219.1
Project("{FAE04EC0-301F-11D3-BF4B-00C04F79EFBC}") = "Lab7_ChainOfResponsability", "Lab7_ChainOfResponsability\Lab7_ChainOfResponsability.csproj", "{26C74B91-E8C6-40BA-9FB4-54B77F7AAF0D}"
EndProject
Project("{FAE04EC0-301F-11D3-BF4B-00C04F79EFBC}") = "Lab7_State", "Lab7_State\Lab7_State.csproj", "{BDAB0588-E24F-4479-957C-BFCAF16D35C2}"
EndProject
Global
	GlobalSection(SolutionConfigurationPlatforms) = preSolution
		Debug|Any CPU = Debug|Any CPU
		Release|Any CPU = Release|Any CPU
	EndGlobalSection
	GlobalSection(ProjectConfigurationPlatforms) = postSolution
		{26C74B91-E8C6-40BA-9FB4-54B77F7AAF0D}.Debug|Any CPU.ActiveCfg = Debug|Any CPU
		{26C74B91-E8C6-40BA-9FB4-54B77F7AAF0D}.Debug|Any CPU.Build.0 = Debug|Any CPU
		{26C74B91-E8C6-40BA-9FB4-54B77F7AAF0D}.Release|Any CPU.ActiveCfg = Release|Any CPU
		{26C74B91-E8C6-40BA-9FB4-54B77F7AAF0D}.Release|Any CPU.Build.0 = Release|Any CPU
		{BDAB0588-E24F-4479-957C-BFCAF16D35C2}.Debug|Any CPU.ActiveCfg = Debug|Any CPU
		{BDAB0588-E24F-4479-957C-BFCAF16D35C2}.Debug|Any CPU.Build.0 = Debug|Any CPU
		{BDAB0588-E24F-4479-957C-BFCAF16D35C2}.Release|Any CPU.ActiveCfg = Release|Any CPU
		{BDAB0588-E24F-4479-957C-BFCAF16D35C2}.Release|Any CPU.Build.0 = Release|Any CPU
	EndGlobalSection
	GlobalSection(SolutionProperties) = preSolution
		HideSolutionNode = FALSE
	EndGlobalSection
	GlobalSection(ExtensibilityGlobals) = postSolution
		SolutionGuid = {980499F7-B51D-4C02-96C1-3F696B372B8E}
	EndGlobalSection
EndGlobal
