
Microsoft Visual Studio Solution File, Format Version 12.00
# Visual Studio 15
VisualStudioVersion = 15.0.28307.136
MinimumVisualStudioVersion = 10.0.40219.1
Project("{FAE04EC0-301F-11D3-BF4B-00C04F79EFBC}") = "Lab8_Command", "Lab8_Command\Lab8_Command.csproj", "{74284CBB-5247-4EE7-BC61-2A309C0C6237}"
EndProject
Project("{FAE04EC0-301F-11D3-BF4B-00C04F79EFBC}") = "Lab8_Mediator", "Lab8_Mediator\Lab8_Mediator.csproj", "{4FFE8E59-8DDA-46ED-A9E8-CBBD46838EA4}"
EndProject
Global
	GlobalSection(SolutionConfigurationPlatforms) = preSolution
		Debug|Any CPU = Debug|Any CPU
		Release|Any CPU = Release|Any CPU
	EndGlobalSection
	GlobalSection(ProjectConfigurationPlatforms) = postSolution
		{74284CBB-5247-4EE7-BC61-2A309C0C6237}.Debug|Any CPU.ActiveCfg = Debug|Any CPU
		{74284CBB-5247-4EE7-BC61-2A309C0C6237}.Debug|Any CPU.Build.0 = Debug|Any CPU
		{74284CBB-5247-4EE7-BC61-2A309C0C6237}.Release|Any CPU.ActiveCfg = Release|Any CPU
		{74284CBB-5247-4EE7-BC61-2A309C0C6237}.Release|Any CPU.Build.0 = Release|Any CPU
		{4FFE8E59-8DDA-46ED-A9E8-CBBD46838EA4}.Debug|Any CPU.ActiveCfg = Debug|Any CPU
		{4FFE8E59-8DDA-46ED-A9E8-CBBD46838EA4}.Debug|Any CPU.Build.0 = Debug|Any CPU
		{4FFE8E59-8DDA-46ED-A9E8-CBBD46838EA4}.Release|Any CPU.ActiveCfg = Release|Any CPU
		{4FFE8E59-8DDA-46ED-A9E8-CBBD46838EA4}.Release|Any CPU.Build.0 = Release|Any CPU
	EndGlobalSection
	GlobalSection(SolutionProperties) = preSolution
		HideSolutionNode = FALSE
	EndGlobalSection
	GlobalSection(ExtensibilityGlobals) = postSolution
		SolutionGuid = {22F9FC2D-A9E8-435D-91AD-7F61EBB373AB}
	EndGlobalSection
EndGlobal
