
Microsoft Visual Studio Solution File, Format Version 12.00
# Visual Studio 15
VisualStudioVersion = 15.0.28307.136
MinimumVisualStudioVersion = 10.0.40219.1
Project("{FAE04EC0-301F-11D3-BF4B-00C04F79EFBC}") = "Lab2_FactoryMethod", "Lab2_FactoryMethod\Lab2_FactoryMethod.csproj", "{5D61D2C5-9BE9-4744-805A-E47A16A576FE}"
EndProject
Project("{FAE04EC0-301F-11D3-BF4B-00C04F79EFBC}") = "Lab2_AbstractFactory", "Lab2_AbstractFactory\Lab2_AbstractFactory.csproj", "{DA7F509E-3396-482F-BCB7-5251B1D20729}"
EndProject
Global
	GlobalSection(SolutionConfigurationPlatforms) = preSolution
		Debug|Any CPU = Debug|Any CPU
		Release|Any CPU = Release|Any CPU
	EndGlobalSection
	GlobalSection(ProjectConfigurationPlatforms) = postSolution
		{5D61D2C5-9BE9-4744-805A-E47A16A576FE}.Debug|Any CPU.ActiveCfg = Debug|Any CPU
		{5D61D2C5-9BE9-4744-805A-E47A16A576FE}.Debug|Any CPU.Build.0 = Debug|Any CPU
		{5D61D2C5-9BE9-4744-805A-E47A16A576FE}.Release|Any CPU.ActiveCfg = Release|Any CPU
		{5D61D2C5-9BE9-4744-805A-E47A16A576FE}.Release|Any CPU.Build.0 = Release|Any CPU
		{DA7F509E-3396-482F-BCB7-5251B1D20729}.Debug|Any CPU.ActiveCfg = Debug|Any CPU
		{DA7F509E-3396-482F-BCB7-5251B1D20729}.Debug|Any CPU.Build.0 = Debug|Any CPU
		{DA7F509E-3396-482F-BCB7-5251B1D20729}.Release|Any CPU.ActiveCfg = Release|Any CPU
		{DA7F509E-3396-482F-BCB7-5251B1D20729}.Release|Any CPU.Build.0 = Release|Any CPU
	EndGlobalSection
	GlobalSection(SolutionProperties) = preSolution
		HideSolutionNode = FALSE
	EndGlobalSection
	GlobalSection(ExtensibilityGlobals) = postSolution
		SolutionGuid = {A7CB1D89-E420-4436-A53C-EE1CCB00124E}
	EndGlobalSection
EndGlobal
