
Microsoft Visual Studio Solution File, Format Version 12.00
# Visual Studio 15
VisualStudioVersion = 15.0.28307.136
MinimumVisualStudioVersion = 10.0.40219.1
Project("{FAE04EC0-301F-11D3-BF4B-00C04F79EFBC}") = "Lab4_Decorator", "Lab4_Decorator\Lab4_Decorator.csproj", "{3E245BB6-3869-4F74-B46C-752437D3DA09}"
EndProject
Project("{FAE04EC0-301F-11D3-BF4B-00C04F79EFBC}") = "Lab4_Proxy", "Lab4_Proxy\Lab4_Proxy.csproj", "{3E83C59B-CB72-487E-9AFD-B50500243F99}"
EndProject
Global
	GlobalSection(SolutionConfigurationPlatforms) = preSolution
		Debug|Any CPU = Debug|Any CPU
		Release|Any CPU = Release|Any CPU
	EndGlobalSection
	GlobalSection(ProjectConfigurationPlatforms) = postSolution
		{3E245BB6-3869-4F74-B46C-752437D3DA09}.Debug|Any CPU.ActiveCfg = Debug|Any CPU
		{3E245BB6-3869-4F74-B46C-752437D3DA09}.Debug|Any CPU.Build.0 = Debug|Any CPU
		{3E245BB6-3869-4F74-B46C-752437D3DA09}.Release|Any CPU.ActiveCfg = Release|Any CPU
		{3E245BB6-3869-4F74-B46C-752437D3DA09}.Release|Any CPU.Build.0 = Release|Any CPU
		{3E83C59B-CB72-487E-9AFD-B50500243F99}.Debug|Any CPU.ActiveCfg = Debug|Any CPU
		{3E83C59B-CB72-487E-9AFD-B50500243F99}.Debug|Any CPU.Build.0 = Debug|Any CPU
		{3E83C59B-CB72-487E-9AFD-B50500243F99}.Release|Any CPU.ActiveCfg = Release|Any CPU
		{3E83C59B-CB72-487E-9AFD-B50500243F99}.Release|Any CPU.Build.0 = Release|Any CPU
	EndGlobalSection
	GlobalSection(SolutionProperties) = preSolution
		HideSolutionNode = FALSE
	EndGlobalSection
	GlobalSection(ExtensibilityGlobals) = postSolution
		SolutionGuid = {5FD898FB-96D2-4454-BF46-D9129D8AA4E4}
	EndGlobalSection
EndGlobal
