
Microsoft Visual Studio Solution File, Format Version 12.00
# Visual Studio 15
VisualStudioVersion = 15.0.28307.136
MinimumVisualStudioVersion = 10.0.40219.1
Project("{FAE04EC0-301F-11D3-BF4B-00C04F79EFBC}") = "Examen_2", "Examen_2\Examen_2.csproj", "{8FFFB6DB-0E91-470C-9F53-4DBA74C03036}"
EndProject
Global
	GlobalSection(SolutionConfigurationPlatforms) = preSolution
		Debug|Any CPU = Debug|Any CPU
		Release|Any CPU = Release|Any CPU
	EndGlobalSection
	GlobalSection(ProjectConfigurationPlatforms) = postSolution
		{8FFFB6DB-0E91-470C-9F53-4DBA74C03036}.Debug|Any CPU.ActiveCfg = Debug|Any CPU
		{8FFFB6DB-0E91-470C-9F53-4DBA74C03036}.Debug|Any CPU.Build.0 = Debug|Any CPU
		{8FFFB6DB-0E91-470C-9F53-4DBA74C03036}.Release|Any CPU.ActiveCfg = Release|Any CPU
		{8FFFB6DB-0E91-470C-9F53-4DBA74C03036}.Release|Any CPU.Build.0 = Release|Any CPU
	EndGlobalSection
	GlobalSection(SolutionProperties) = preSolution
		HideSolutionNode = FALSE
	EndGlobalSection
	GlobalSection(ExtensibilityGlobals) = postSolution
		SolutionGuid = {359B78B4-5522-405E-9A9C-99E38407997C}
	EndGlobalSection
EndGlobal
